
Microsoft Visual Studio Solution File, Format Version 12.00
# Visual Studio 2013
VisualStudioVersion = 12.0.21005.1
MinimumVisualStudioVersion = 10.0.40219.1
Project("{FAE04EC0-301F-11D3-BF4B-00C04F79EFBC}") = "Cloud", "FinalServer\Cloud.csproj", "{D571EE69-A0FC-44E8-B482-7B507BAFF90B}"
EndProject
Project("{FAE04EC0-301F-11D3-BF4B-00C04F79EFBC}") = "Router", "FinalClient\Router.csproj", "{21190D90-C3AC-4455-805C-99C56A81EDAA}"
EndProject
Project("{FAE04EC0-301F-11D3-BF4B-00C04F79EFBC}") = "ExtSrc", "ExtSrc\ExtSrc.csproj", "{BCF244C3-ACA3-492D-9A52-71EDFAB8CC61}"
EndProject
Project("{FAE04EC0-301F-11D3-BF4B-00C04F79EFBC}") = "Agent", "Agent\Agent.csproj", "{D92E0D03-3D52-40F1-BD39-EACFC8DDB8C3}"
EndProject
Project("{FAE04EC0-301F-11D3-BF4B-00C04F79EFBC}") = "Router10", "RouterNN\Router10.csproj", "{CDEA1C1D-57DA-4629-961D-149250F4B303}"
EndProject
Project("{FAE04EC0-301F-11D3-BF4B-00C04F79EFBC}") = "Router20", "Router20\Router20.csproj", "{6AF6B856-5F35-4645-93AC-DE7EBD1BA6FA}"
EndProject
Project("{FAE04EC0-301F-11D3-BF4B-00C04F79EFBC}") = "Router30", "Router30\Router30.csproj", "{3FF94A45-3F51-45AE-8E29-8F2B82D73D34}"
EndProject
Project("{FAE04EC0-301F-11D3-BF4B-00C04F79EFBC}") = "Router40", "Router40\Router40.csproj", "{BC82C074-8039-4A1D-B0CB-09DC9DAE60DD}"
EndProject
Project("{FAE04EC0-301F-11D3-BF4B-00C04F79EFBC}") = "Router50", "Router50\Router50.csproj", "{E19B79CE-8C54-4FF4-8E4B-115B55AD93CE}"
EndProject
Project("{FAE04EC0-301F-11D3-BF4B-00C04F79EFBC}") = "Router60", "Router60\Router60.csproj", "{D4E4C287-D39C-47A2-9A34-3C6F494BF986}"
	ProjectSection(ProjectDependencies) = postProject
		{21190D90-C3AC-4455-805C-99C56A81EDAA} = {21190D90-C3AC-4455-805C-99C56A81EDAA}
	EndProjectSection
EndProject
Project("{FAE04EC0-301F-11D3-BF4B-00C04F79EFBC}") = "Router70", "Router70\Router70.csproj", "{BE9C14EA-1366-4F4F-8F40-206E3263EA5E}"
	ProjectSection(ProjectDependencies) = postProject
		{21190D90-C3AC-4455-805C-99C56A81EDAA} = {21190D90-C3AC-4455-805C-99C56A81EDAA}
	EndProjectSection
EndProject
Project("{FAE04EC0-301F-11D3-BF4B-00C04F79EFBC}") = "Router80", "Router80\Router80.csproj", "{D5B35441-79F5-418C-9878-B4A0A43BC163}"
	ProjectSection(ProjectDependencies) = postProject
		{21190D90-C3AC-4455-805C-99C56A81EDAA} = {21190D90-C3AC-4455-805C-99C56A81EDAA}
	EndProjectSection
EndProject
Project("{FAE04EC0-301F-11D3-BF4B-00C04F79EFBC}") = "Router90", "Router90\Router90.csproj", "{0CEE4851-A2F6-4390-B384-7A43105C84CB}"
	ProjectSection(ProjectDependencies) = postProject
		{21190D90-C3AC-4455-805C-99C56A81EDAA} = {21190D90-C3AC-4455-805C-99C56A81EDAA}
	EndProjectSection
EndProject
Project("{FAE04EC0-301F-11D3-BF4B-00C04F79EFBC}") = "SubNetCon6", "SubNetCon6\SubNetCon6.csproj", "{7513799C-42C0-498A-8778-3D715F3184AD}"
EndProject
Project("{FAE04EC0-301F-11D3-BF4B-00C04F79EFBC}") = "SubNetCon7", "SubNetCon7\SubNetCon7.csproj", "{A09F12D3-E0E7-4411-984A-D6CD2BA47134}"
EndProject
Global
	GlobalSection(SolutionConfigurationPlatforms) = preSolution
		Debug|Any CPU = Debug|Any CPU
		Debug|Mixed Platforms = Debug|Mixed Platforms
		Debug|Win32 = Debug|Win32
		Release|Any CPU = Release|Any CPU
		Release|Mixed Platforms = Release|Mixed Platforms
		Release|Win32 = Release|Win32
	EndGlobalSection
	GlobalSection(ProjectConfigurationPlatforms) = postSolution
		{D571EE69-A0FC-44E8-B482-7B507BAFF90B}.Debug|Any CPU.ActiveCfg = Debug|Any CPU
		{D571EE69-A0FC-44E8-B482-7B507BAFF90B}.Debug|Any CPU.Build.0 = Debug|Any CPU
		{D571EE69-A0FC-44E8-B482-7B507BAFF90B}.Debug|Mixed Platforms.ActiveCfg = Debug|Any CPU
		{D571EE69-A0FC-44E8-B482-7B507BAFF90B}.Debug|Mixed Platforms.Build.0 = Debug|Any CPU
		{D571EE69-A0FC-44E8-B482-7B507BAFF90B}.Debug|Win32.ActiveCfg = Debug|Any CPU
		{D571EE69-A0FC-44E8-B482-7B507BAFF90B}.Release|Any CPU.ActiveCfg = Release|Any CPU
		{D571EE69-A0FC-44E8-B482-7B507BAFF90B}.Release|Any CPU.Build.0 = Release|Any CPU
		{D571EE69-A0FC-44E8-B482-7B507BAFF90B}.Release|Mixed Platforms.ActiveCfg = Release|Any CPU
		{D571EE69-A0FC-44E8-B482-7B507BAFF90B}.Release|Mixed Platforms.Build.0 = Release|Any CPU
		{D571EE69-A0FC-44E8-B482-7B507BAFF90B}.Release|Win32.ActiveCfg = Release|Any CPU
		{21190D90-C3AC-4455-805C-99C56A81EDAA}.Debug|Any CPU.ActiveCfg = Debug|Any CPU
		{21190D90-C3AC-4455-805C-99C56A81EDAA}.Debug|Any CPU.Build.0 = Debug|Any CPU
		{21190D90-C3AC-4455-805C-99C56A81EDAA}.Debug|Mixed Platforms.ActiveCfg = Debug|Any CPU
		{21190D90-C3AC-4455-805C-99C56A81EDAA}.Debug|Mixed Platforms.Build.0 = Debug|Any CPU
		{21190D90-C3AC-4455-805C-99C56A81EDAA}.Debug|Win32.ActiveCfg = Debug|Any CPU
		{21190D90-C3AC-4455-805C-99C56A81EDAA}.Release|Any CPU.ActiveCfg = Release|Any CPU
		{21190D90-C3AC-4455-805C-99C56A81EDAA}.Release|Any CPU.Build.0 = Release|Any CPU
		{21190D90-C3AC-4455-805C-99C56A81EDAA}.Release|Mixed Platforms.ActiveCfg = Release|Any CPU
		{21190D90-C3AC-4455-805C-99C56A81EDAA}.Release|Mixed Platforms.Build.0 = Release|Any CPU
		{21190D90-C3AC-4455-805C-99C56A81EDAA}.Release|Win32.ActiveCfg = Release|Any CPU
		{BCF244C3-ACA3-492D-9A52-71EDFAB8CC61}.Debug|Any CPU.ActiveCfg = Debug|Any CPU
		{BCF244C3-ACA3-492D-9A52-71EDFAB8CC61}.Debug|Any CPU.Build.0 = Debug|Any CPU
		{BCF244C3-ACA3-492D-9A52-71EDFAB8CC61}.Debug|Mixed Platforms.ActiveCfg = Debug|Any CPU
		{BCF244C3-ACA3-492D-9A52-71EDFAB8CC61}.Debug|Mixed Platforms.Build.0 = Debug|Any CPU
		{BCF244C3-ACA3-492D-9A52-71EDFAB8CC61}.Debug|Win32.ActiveCfg = Debug|Any CPU
		{BCF244C3-ACA3-492D-9A52-71EDFAB8CC61}.Release|Any CPU.ActiveCfg = Release|Any CPU
		{BCF244C3-ACA3-492D-9A52-71EDFAB8CC61}.Release|Any CPU.Build.0 = Release|Any CPU
		{BCF244C3-ACA3-492D-9A52-71EDFAB8CC61}.Release|Mixed Platforms.ActiveCfg = Release|Any CPU
		{BCF244C3-ACA3-492D-9A52-71EDFAB8CC61}.Release|Mixed Platforms.Build.0 = Release|Any CPU
		{BCF244C3-ACA3-492D-9A52-71EDFAB8CC61}.Release|Win32.ActiveCfg = Release|Any CPU
		{D92E0D03-3D52-40F1-BD39-EACFC8DDB8C3}.Debug|Any CPU.ActiveCfg = Debug|Any CPU
		{D92E0D03-3D52-40F1-BD39-EACFC8DDB8C3}.Debug|Any CPU.Build.0 = Debug|Any CPU
		{D92E0D03-3D52-40F1-BD39-EACFC8DDB8C3}.Debug|Mixed Platforms.ActiveCfg = Debug|Any CPU
		{D92E0D03-3D52-40F1-BD39-EACFC8DDB8C3}.Debug|Mixed Platforms.Build.0 = Debug|Any CPU
		{D92E0D03-3D52-40F1-BD39-EACFC8DDB8C3}.Debug|Win32.ActiveCfg = Debug|Any CPU
		{D92E0D03-3D52-40F1-BD39-EACFC8DDB8C3}.Release|Any CPU.ActiveCfg = Release|Any CPU
		{D92E0D03-3D52-40F1-BD39-EACFC8DDB8C3}.Release|Any CPU.Build.0 = Release|Any CPU
		{D92E0D03-3D52-40F1-BD39-EACFC8DDB8C3}.Release|Mixed Platforms.ActiveCfg = Release|Any CPU
		{D92E0D03-3D52-40F1-BD39-EACFC8DDB8C3}.Release|Mixed Platforms.Build.0 = Release|Any CPU
		{D92E0D03-3D52-40F1-BD39-EACFC8DDB8C3}.Release|Win32.ActiveCfg = Release|Any CPU
		{CDEA1C1D-57DA-4629-961D-149250F4B303}.Debug|Any CPU.ActiveCfg = Debug|Any CPU
		{CDEA1C1D-57DA-4629-961D-149250F4B303}.Debug|Any CPU.Build.0 = Debug|Any CPU
		{CDEA1C1D-57DA-4629-961D-149250F4B303}.Debug|Mixed Platforms.ActiveCfg = Debug|Any CPU
		{CDEA1C1D-57DA-4629-961D-149250F4B303}.Debug|Win32.ActiveCfg = Debug|Any CPU
		{CDEA1C1D-57DA-4629-961D-149250F4B303}.Release|Any CPU.ActiveCfg = Release|Any CPU
		{CDEA1C1D-57DA-4629-961D-149250F4B303}.Release|Any CPU.Build.0 = Release|Any CPU
		{CDEA1C1D-57DA-4629-961D-149250F4B303}.Release|Mixed Platforms.ActiveCfg = Release|Any CPU
		{CDEA1C1D-57DA-4629-961D-149250F4B303}.Release|Mixed Platforms.Build.0 = Release|Any CPU
		{CDEA1C1D-57DA-4629-961D-149250F4B303}.Release|Win32.ActiveCfg = Release|Any CPU
		{6AF6B856-5F35-4645-93AC-DE7EBD1BA6FA}.Debug|Any CPU.ActiveCfg = Debug|Any CPU
		{6AF6B856-5F35-4645-93AC-DE7EBD1BA6FA}.Debug|Any CPU.Build.0 = Debug|Any CPU
		{6AF6B856-5F35-4645-93AC-DE7EBD1BA6FA}.Debug|Mixed Platforms.ActiveCfg = Debug|Any CPU
		{6AF6B856-5F35-4645-93AC-DE7EBD1BA6FA}.Debug|Win32.ActiveCfg = Debug|Any CPU
		{6AF6B856-5F35-4645-93AC-DE7EBD1BA6FA}.Release|Any CPU.ActiveCfg = Release|Any CPU
		{6AF6B856-5F35-4645-93AC-DE7EBD1BA6FA}.Release|Any CPU.Build.0 = Release|Any CPU
		{6AF6B856-5F35-4645-93AC-DE7EBD1BA6FA}.Release|Mixed Platforms.ActiveCfg = Release|Any CPU
		{6AF6B856-5F35-4645-93AC-DE7EBD1BA6FA}.Release|Mixed Platforms.Build.0 = Release|Any CPU
		{6AF6B856-5F35-4645-93AC-DE7EBD1BA6FA}.Release|Win32.ActiveCfg = Release|Any CPU
		{3FF94A45-3F51-45AE-8E29-8F2B82D73D34}.Debug|Any CPU.ActiveCfg = Debug|Any CPU
		{3FF94A45-3F51-45AE-8E29-8F2B82D73D34}.Debug|Any CPU.Build.0 = Debug|Any CPU
		{3FF94A45-3F51-45AE-8E29-8F2B82D73D34}.Debug|Mixed Platforms.ActiveCfg = Debug|Any CPU
		{3FF94A45-3F51-45AE-8E29-8F2B82D73D34}.Debug|Win32.ActiveCfg = Debug|Any CPU
		{3FF94A45-3F51-45AE-8E29-8F2B82D73D34}.Release|Any CPU.ActiveCfg = Release|Any CPU
		{3FF94A45-3F51-45AE-8E29-8F2B82D73D34}.Release|Any CPU.Build.0 = Release|Any CPU
		{3FF94A45-3F51-45AE-8E29-8F2B82D73D34}.Release|Mixed Platforms.ActiveCfg = Release|Any CPU
		{3FF94A45-3F51-45AE-8E29-8F2B82D73D34}.Release|Mixed Platforms.Build.0 = Release|Any CPU
		{3FF94A45-3F51-45AE-8E29-8F2B82D73D34}.Release|Win32.ActiveCfg = Release|Any CPU
		{BC82C074-8039-4A1D-B0CB-09DC9DAE60DD}.Debug|Any CPU.ActiveCfg = Debug|Any CPU
		{BC82C074-8039-4A1D-B0CB-09DC9DAE60DD}.Debug|Any CPU.Build.0 = Debug|Any CPU
		{BC82C074-8039-4A1D-B0CB-09DC9DAE60DD}.Debug|Mixed Platforms.ActiveCfg = Debug|Any CPU
		{BC82C074-8039-4A1D-B0CB-09DC9DAE60DD}.Debug|Win32.ActiveCfg = Debug|Any CPU
		{BC82C074-8039-4A1D-B0CB-09DC9DAE60DD}.Release|Any CPU.ActiveCfg = Release|Any CPU
		{BC82C074-8039-4A1D-B0CB-09DC9DAE60DD}.Release|Any CPU.Build.0 = Release|Any CPU
		{BC82C074-8039-4A1D-B0CB-09DC9DAE60DD}.Release|Mixed Platforms.ActiveCfg = Release|Any CPU
		{BC82C074-8039-4A1D-B0CB-09DC9DAE60DD}.Release|Mixed Platforms.Build.0 = Release|Any CPU
		{BC82C074-8039-4A1D-B0CB-09DC9DAE60DD}.Release|Win32.ActiveCfg = Release|Any CPU
		{E19B79CE-8C54-4FF4-8E4B-115B55AD93CE}.Debug|Any CPU.ActiveCfg = Debug|Any CPU
		{E19B79CE-8C54-4FF4-8E4B-115B55AD93CE}.Debug|Any CPU.Build.0 = Debug|Any CPU
		{E19B79CE-8C54-4FF4-8E4B-115B55AD93CE}.Debug|Mixed Platforms.ActiveCfg = Debug|Any CPU
		{E19B79CE-8C54-4FF4-8E4B-115B55AD93CE}.Debug|Win32.ActiveCfg = Debug|Any CPU
		{E19B79CE-8C54-4FF4-8E4B-115B55AD93CE}.Release|Any CPU.ActiveCfg = Release|Any CPU
		{E19B79CE-8C54-4FF4-8E4B-115B55AD93CE}.Release|Any CPU.Build.0 = Release|Any CPU
		{E19B79CE-8C54-4FF4-8E4B-115B55AD93CE}.Release|Mixed Platforms.ActiveCfg = Release|Any CPU
		{E19B79CE-8C54-4FF4-8E4B-115B55AD93CE}.Release|Mixed Platforms.Build.0 = Release|Any CPU
		{E19B79CE-8C54-4FF4-8E4B-115B55AD93CE}.Release|Win32.ActiveCfg = Release|Any CPU
		{D4E4C287-D39C-47A2-9A34-3C6F494BF986}.Debug|Any CPU.ActiveCfg = Debug|Any CPU
		{D4E4C287-D39C-47A2-9A34-3C6F494BF986}.Debug|Any CPU.Build.0 = Debug|Any CPU
		{D4E4C287-D39C-47A2-9A34-3C6F494BF986}.Debug|Mixed Platforms.ActiveCfg = Debug|Any CPU
		{D4E4C287-D39C-47A2-9A34-3C6F494BF986}.Debug|Win32.ActiveCfg = Debug|Any CPU
		{D4E4C287-D39C-47A2-9A34-3C6F494BF986}.Release|Any CPU.ActiveCfg = Release|Any CPU
		{D4E4C287-D39C-47A2-9A34-3C6F494BF986}.Release|Any CPU.Build.0 = Release|Any CPU
		{D4E4C287-D39C-47A2-9A34-3C6F494BF986}.Release|Mixed Platforms.ActiveCfg = Release|Any CPU
		{D4E4C287-D39C-47A2-9A34-3C6F494BF986}.Release|Mixed Platforms.Build.0 = Release|Any CPU
		{D4E4C287-D39C-47A2-9A34-3C6F494BF986}.Release|Win32.ActiveCfg = Release|Any CPU
		{BE9C14EA-1366-4F4F-8F40-206E3263EA5E}.Debug|Any CPU.ActiveCfg = Debug|Any CPU
		{BE9C14EA-1366-4F4F-8F40-206E3263EA5E}.Debug|Any CPU.Build.0 = Debug|Any CPU
		{BE9C14EA-1366-4F4F-8F40-206E3263EA5E}.Debug|Mixed Platforms.ActiveCfg = Debug|Any CPU
		{BE9C14EA-1366-4F4F-8F40-206E3263EA5E}.Debug|Win32.ActiveCfg = Debug|Any CPU
		{BE9C14EA-1366-4F4F-8F40-206E3263EA5E}.Release|Any CPU.ActiveCfg = Release|Any CPU
		{BE9C14EA-1366-4F4F-8F40-206E3263EA5E}.Release|Any CPU.Build.0 = Release|Any CPU
		{BE9C14EA-1366-4F4F-8F40-206E3263EA5E}.Release|Mixed Platforms.ActiveCfg = Release|Any CPU
		{BE9C14EA-1366-4F4F-8F40-206E3263EA5E}.Release|Mixed Platforms.Build.0 = Release|Any CPU
		{BE9C14EA-1366-4F4F-8F40-206E3263EA5E}.Release|Win32.ActiveCfg = Release|Any CPU
		{D5B35441-79F5-418C-9878-B4A0A43BC163}.Debug|Any CPU.ActiveCfg = Debug|Any CPU
		{D5B35441-79F5-418C-9878-B4A0A43BC163}.Debug|Any CPU.Build.0 = Debug|Any CPU
		{D5B35441-79F5-418C-9878-B4A0A43BC163}.Debug|Mixed Platforms.ActiveCfg = Debug|Any CPU
		{D5B35441-79F5-418C-9878-B4A0A43BC163}.Debug|Win32.ActiveCfg = Debug|Any CPU
		{D5B35441-79F5-418C-9878-B4A0A43BC163}.Release|Any CPU.ActiveCfg = Release|Any CPU
		{D5B35441-79F5-418C-9878-B4A0A43BC163}.Release|Any CPU.Build.0 = Release|Any CPU
		{D5B35441-79F5-418C-9878-B4A0A43BC163}.Release|Mixed Platforms.ActiveCfg = Release|Any CPU
		{D5B35441-79F5-418C-9878-B4A0A43BC163}.Release|Mixed Platforms.Build.0 = Release|Any CPU
		{D5B35441-79F5-418C-9878-B4A0A43BC163}.Release|Win32.ActiveCfg = Release|Any CPU
		{0CEE4851-A2F6-4390-B384-7A43105C84CB}.Debug|Any CPU.ActiveCfg = Debug|Any CPU
		{0CEE4851-A2F6-4390-B384-7A43105C84CB}.Debug|Any CPU.Build.0 = Debug|Any CPU
		{0CEE4851-A2F6-4390-B384-7A43105C84CB}.Debug|Mixed Platforms.ActiveCfg = Debug|Any CPU
		{0CEE4851-A2F6-4390-B384-7A43105C84CB}.Debug|Win32.ActiveCfg = Debug|Any CPU
		{0CEE4851-A2F6-4390-B384-7A43105C84CB}.Release|Any CPU.ActiveCfg = Release|Any CPU
		{0CEE4851-A2F6-4390-B384-7A43105C84CB}.Release|Any CPU.Build.0 = Release|Any CPU
		{0CEE4851-A2F6-4390-B384-7A43105C84CB}.Release|Mixed Platforms.ActiveCfg = Release|Any CPU
		{0CEE4851-A2F6-4390-B384-7A43105C84CB}.Release|Mixed Platforms.Build.0 = Release|Any CPU
		{0CEE4851-A2F6-4390-B384-7A43105C84CB}.Release|Win32.ActiveCfg = Release|Any CPU
		{7513799C-42C0-498A-8778-3D715F3184AD}.Debug|Any CPU.ActiveCfg = Debug|Any CPU
		{7513799C-42C0-498A-8778-3D715F3184AD}.Debug|Any CPU.Build.0 = Debug|Any CPU
		{7513799C-42C0-498A-8778-3D715F3184AD}.Debug|Mixed Platforms.ActiveCfg = Debug|Any CPU
		{7513799C-42C0-498A-8778-3D715F3184AD}.Debug|Win32.ActiveCfg = Debug|Any CPU
		{7513799C-42C0-498A-8778-3D715F3184AD}.Release|Any CPU.ActiveCfg = Release|Any CPU
		{7513799C-42C0-498A-8778-3D715F3184AD}.Release|Any CPU.Build.0 = Release|Any CPU
		{7513799C-42C0-498A-8778-3D715F3184AD}.Release|Mixed Platforms.ActiveCfg = Release|Any CPU
		{7513799C-42C0-498A-8778-3D715F3184AD}.Release|Mixed Platforms.Build.0 = Release|Any CPU
		{7513799C-42C0-498A-8778-3D715F3184AD}.Release|Win32.ActiveCfg = Release|Any CPU
		{A09F12D3-E0E7-4411-984A-D6CD2BA47134}.Debug|Any CPU.ActiveCfg = Debug|Any CPU
		{A09F12D3-E0E7-4411-984A-D6CD2BA47134}.Debug|Any CPU.Build.0 = Debug|Any CPU
		{A09F12D3-E0E7-4411-984A-D6CD2BA47134}.Debug|Mixed Platforms.ActiveCfg = Debug|Any CPU
		{A09F12D3-E0E7-4411-984A-D6CD2BA47134}.Debug|Win32.ActiveCfg = Debug|Any CPU
		{A09F12D3-E0E7-4411-984A-D6CD2BA47134}.Release|Any CPU.ActiveCfg = Release|Any CPU
		{A09F12D3-E0E7-4411-984A-D6CD2BA47134}.Release|Any CPU.Build.0 = Release|Any CPU
		{A09F12D3-E0E7-4411-984A-D6CD2BA47134}.Release|Mixed Platforms.ActiveCfg = Release|Any CPU
		{A09F12D3-E0E7-4411-984A-D6CD2BA47134}.Release|Mixed Platforms.Build.0 = Release|Any CPU
		{A09F12D3-E0E7-4411-984A-D6CD2BA47134}.Release|Win32.ActiveCfg = Release|Any CPU
	EndGlobalSection
	GlobalSection(SolutionProperties) = preSolution
		HideSolutionNode = FALSE
	EndGlobalSection
	GlobalSection(Performance) = preSolution
		HasPerformanceSessions = true
	EndGlobalSection
EndGlobal
